// !$*UTF8*$!
{
	archiveVersion = 1;
	classes = {
	};
	objectVersion = 50;
	objects = {

/* Begin PBXBuildFile section */
		0D102014214E4C6300C79A08 /* AppDelegate.swift in Sources */ = {isa = PBXBuildFile; fileRef = 0D102013214E4C6300C79A08 /* AppDelegate.swift */; };
		0D102016214E4C6300C79A08 /* MovieListViewController.swift in Sources */ = {isa = PBXBuildFile; fileRef = 0D102015214E4C6300C79A08 /* MovieListViewController.swift */; };
		0D102019214E4C6300C79A08 /* Main.storyboard in Resources */ = {isa = PBXBuildFile; fileRef = 0D102017214E4C6300C79A08 /* Main.storyboard */; };
		0D10201B214E4C6300C79A08 /* Assets.xcassets in Resources */ = {isa = PBXBuildFile; fileRef = 0D10201A214E4C6300C79A08 /* Assets.xcassets */; };
		0D10201E214E4C6300C79A08 /* LaunchScreen.storyboard in Resources */ = {isa = PBXBuildFile; fileRef = 0D10201C214E4C6300C79A08 /* LaunchScreen.storyboard */; };
		0D102026214E5BD600C79A08 /* Constants.swift in Sources */ = {isa = PBXBuildFile; fileRef = 0D102025214E5BD600C79A08 /* Constants.swift */; };
		0D102029214EA18400C79A08 /* MoviePosterCell.swift in Sources */ = {isa = PBXBuildFile; fileRef = 0D102027214EA18400C79A08 /* MoviePosterCell.swift */; };
		0D10202A214EA18400C79A08 /* MoviePosterCell.xib in Resources */ = {isa = PBXBuildFile; fileRef = 0D102028214EA18400C79A08 /* MoviePosterCell.xib */; };
		0D102032214EB3C400C79A08 /* MovieDataModel.swift in Sources */ = {isa = PBXBuildFile; fileRef = 0D102031214EB3C400C79A08 /* MovieDataModel.swift */; };
		0D102037214EB82100C79A08 /* CONTENTLISTINGPAGE-PAGE3.json in Resources */ = {isa = PBXBuildFile; fileRef = 0D102034214EB82100C79A08 /* CONTENTLISTINGPAGE-PAGE3.json */; };
		0D102038214EB82100C79A08 /* CONTENTLISTINGPAGE-PAGE2.json in Resources */ = {isa = PBXBuildFile; fileRef = 0D102035214EB82100C79A08 /* CONTENTLISTINGPAGE-PAGE2.json */; };
		0D102039214EB82100C79A08 /* CONTENTLISTINGPAGE-PAGE1.json in Resources */ = {isa = PBXBuildFile; fileRef = 0D102036214EB82100C79A08 /* CONTENTLISTINGPAGE-PAGE1.json */; };
		0D10203D214EC19100C79A08 /* UINavigationBar + Extensions.swift in Sources */ = {isa = PBXBuildFile; fileRef = 0D10203C214EC19100C79A08 /* UINavigationBar + Extensions.swift */; };
		0D51CAFC214F7B35002954A1 /* MovieListManager.swift in Sources */ = {isa = PBXBuildFile; fileRef = 0D51CAFB214F7B35002954A1 /* MovieListManager.swift */; };
/* End PBXBuildFile section */

/* Begin PBXFileReference section */
		0D102010214E4C6300C79A08 /* Movie-Lister.app */ = {isa = PBXFileReference; explicitFileType = wrapper.application; includeInIndex = 0; path = "Movie-Lister.app"; sourceTree = BUILT_PRODUCTS_DIR; };
		0D102013214E4C6300C79A08 /* AppDelegate.swift */ = {isa = PBXFileReference; lastKnownFileType = sourcecode.swift; path = AppDelegate.swift; sourceTree = "<group>"; };
		0D102015214E4C6300C79A08 /* MovieListViewController.swift */ = {isa = PBXFileReference; lastKnownFileType = sourcecode.swift; path = MovieListViewController.swift; sourceTree = "<group>"; };
		0D102018214E4C6300C79A08 /* Base */ = {isa = PBXFileReference; lastKnownFileType = file.storyboard; name = Base; path = Base.lproj/Main.storyboard; sourceTree = "<group>"; };
		0D10201A214E4C6300C79A08 /* Assets.xcassets */ = {isa = PBXFileReference; lastKnownFileType = folder.assetcatalog; path = Assets.xcassets; sourceTree = "<group>"; };
		0D10201D214E4C6300C79A08 /* Base */ = {isa = PBXFileReference; lastKnownFileType = file.storyboard; name = Base; path = Base.lproj/LaunchScreen.storyboard; sourceTree = "<group>"; };
		0D10201F214E4C6400C79A08 /* Info.plist */ = {isa = PBXFileReference; lastKnownFileType = text.plist.xml; path = Info.plist; sourceTree = "<group>"; };
		0D102025214E5BD600C79A08 /* Constants.swift */ = {isa = PBXFileReference; lastKnownFileType = sourcecode.swift; path = Constants.swift; sourceTree = "<group>"; };
		0D102027214EA18400C79A08 /* MoviePosterCell.swift */ = {isa = PBXFileReference; lastKnownFileType = sourcecode.swift; path = MoviePosterCell.swift; sourceTree = "<group>"; };
		0D102028214EA18400C79A08 /* MoviePosterCell.xib */ = {isa = PBXFileReference; lastKnownFileType = file.xib; path = MoviePosterCell.xib; sourceTree = "<group>"; };
		0D102031214EB3C400C79A08 /* MovieDataModel.swift */ = {isa = PBXFileReference; lastKnownFileType = sourcecode.swift; path = MovieDataModel.swift; sourceTree = "<group>"; };
		0D102034214EB82100C79A08 /* CONTENTLISTINGPAGE-PAGE3.json */ = {isa = PBXFileReference; fileEncoding = 4; lastKnownFileType = text.json; path = "CONTENTLISTINGPAGE-PAGE3.json"; sourceTree = "<group>"; };
		0D102035214EB82100C79A08 /* CONTENTLISTINGPAGE-PAGE2.json */ = {isa = PBXFileReference; fileEncoding = 4; lastKnownFileType = text.json; path = "CONTENTLISTINGPAGE-PAGE2.json"; sourceTree = "<group>"; };
		0D102036214EB82100C79A08 /* CONTENTLISTINGPAGE-PAGE1.json */ = {isa = PBXFileReference; fileEncoding = 4; lastKnownFileType = text.json; path = "CONTENTLISTINGPAGE-PAGE1.json"; sourceTree = "<group>"; };
		0D10203C214EC19100C79A08 /* UINavigationBar + Extensions.swift */ = {isa = PBXFileReference; lastKnownFileType = sourcecode.swift; path = "UINavigationBar + Extensions.swift"; sourceTree = "<group>"; };
		0D51CAFB214F7B35002954A1 /* MovieListManager.swift */ = {isa = PBXFileReference; lastKnownFileType = sourcecode.swift; path = MovieListManager.swift; sourceTree = "<group>"; };
/* End PBXFileReference section */

/* Begin PBXFrameworksBuildPhase section */
		0D10200D214E4C6300C79A08 /* Frameworks */ = {
			isa = PBXFrameworksBuildPhase;
			buildActionMask = 2147483647;
			files = (
			);
			runOnlyForDeploymentPostprocessing = 0;
		};
/* End PBXFrameworksBuildPhase section */

/* Begin PBXGroup section */
		0D102007214E4C6300C79A08 = {
			isa = PBXGroup;
			children = (
				0D102012214E4C6300C79A08 /* Movie-Lister */,
				0D102011214E4C6300C79A08 /* Products */,
			);
			sourceTree = "<group>";
		};
		0D102011214E4C6300C79A08 /* Products */ = {
			isa = PBXGroup;
			children = (
				0D102010214E4C6300C79A08 /* Movie-Lister.app */,
			);
			name = Products;
			sourceTree = "<group>";
		};
		0D102012214E4C6300C79A08 /* Movie-Lister */ = {
			isa = PBXGroup;
			children = (
				0D10203E214EC1A200C79A08 /* Utilities */,
				0D102033214EB80F00C79A08 /* Resources */,
				0D51CAFA214F7A6E002954A1 /* Modules */,
				0D102030214EB38500C79A08 /* Application */,
				0D10201A214E4C6300C79A08 /* Assets.xcassets */,
				0D10201F214E4C6400C79A08 /* Info.plist */,
				0D10202B214EA80300C79A08 /* Custom Cells */,
			);
			path = "Movie-Lister";
			sourceTree = "<group>";
		};
		0D10202B214EA80300C79A08 /* Custom Cells */ = {
			isa = PBXGroup;
			children = (
				0D102027214EA18400C79A08 /* MoviePosterCell.swift */,
				0D102028214EA18400C79A08 /* MoviePosterCell.xib */,
			);
			path = "Custom Cells";
			sourceTree = "<group>";
		};
		0D10202C214EB34500C79A08 /* MovieList */ = {
			isa = PBXGroup;
			children = (
				0D10202F214EB35F00C79A08 /* Views */,
				0D10202E214EB35D00C79A08 /* Manager */,
				0D10202D214EB35A00C79A08 /* Model */,
			);
			path = MovieList;
			sourceTree = "<group>";
		};
		0D10202D214EB35A00C79A08 /* Model */ = {
			isa = PBXGroup;
			children = (
				0D102031214EB3C400C79A08 /* MovieDataModel.swift */,
			);
			path = Model;
			sourceTree = "<group>";
		};
		0D10202E214EB35D00C79A08 /* Manager */ = {
			isa = PBXGroup;
			children = (
				0D51CAFB214F7B35002954A1 /* MovieListManager.swift */,
			);
			path = Manager;
			sourceTree = "<group>";
		};
		0D10202F214EB35F00C79A08 /* Views */ = {
			isa = PBXGroup;
			children = (
				0D102015214E4C6300C79A08 /* MovieListViewController.swift */,
				0D10201C214E4C6300C79A08 /* LaunchScreen.storyboard */,
				0D102017214E4C6300C79A08 /* Main.storyboard */,
			);
			path = Views;
			sourceTree = "<group>";
		};
		0D102030214EB38500C79A08 /* Application */ = {
			isa = PBXGroup;
			children = (
				0D102013214E4C6300C79A08 /* AppDelegate.swift */,
			);
			path = Application;
			sourceTree = "<group>";
		};
		0D102033214EB80F00C79A08 /* Resources */ = {
			isa = PBXGroup;
			children = (
				0D102036214EB82100C79A08 /* CONTENTLISTINGPAGE-PAGE1.json */,
				0D102035214EB82100C79A08 /* CONTENTLISTINGPAGE-PAGE2.json */,
				0D102034214EB82100C79A08 /* CONTENTLISTINGPAGE-PAGE3.json */,
			);
			path = Resources;
			sourceTree = "<group>";
		};
		0D10203E214EC1A200C79A08 /* Utilities */ = {
			isa = PBXGroup;
			children = (
				0D102025214E5BD600C79A08 /* Constants.swift */,
				0D10203C214EC19100C79A08 /* UINavigationBar + Extensions.swift */,
			);
			path = Utilities;
			sourceTree = "<group>";
		};
		0D51CAFA214F7A6E002954A1 /* Modules */ = {
			isa = PBXGroup;
			children = (
				0D10202C214EB34500C79A08 /* MovieList */,
			);
			path = Modules;
			sourceTree = "<group>";
		};
/* End PBXGroup section */

/* Begin PBXNativeTarget section */
		0D10200F214E4C6300C79A08 /* Movie-Lister */ = {
			isa = PBXNativeTarget;
			buildConfigurationList = 0D102022214E4C6400C79A08 /* Build configuration list for PBXNativeTarget "Movie-Lister" */;
			buildPhases = (
				0D10200C214E4C6300C79A08 /* Sources */,
				0D10200D214E4C6300C79A08 /* Frameworks */,
				0D10200E214E4C6300C79A08 /* Resources */,
			);
			buildRules = (
			);
			dependencies = (
			);
			name = "Movie-Lister";
			productName = "Movie-Lister";
			productReference = 0D102010214E4C6300C79A08 /* Movie-Lister.app */;
			productType = "com.apple.product-type.application";
		};
/* End PBXNativeTarget section */

/* Begin PBXProject section */
		0D102008214E4C6300C79A08 /* Project object */ = {
			isa = PBXProject;
			attributes = {
				LastSwiftUpdateCheck = 0940;
				LastUpgradeCheck = 0940;
				ORGANIZATIONNAME = Catherine;
				TargetAttributes = {
					0D10200F214E4C6300C79A08 = {
						CreatedOnToolsVersion = 9.4.1;
					};
				};
			};
			buildConfigurationList = 0D10200B214E4C6300C79A08 /* Build configuration list for PBXProject "Movie-Lister" */;
			compatibilityVersion = "Xcode 9.3";
			developmentRegion = en;
			hasScannedForEncodings = 0;
			knownRegions = (
				en,
				Base,
			);
			mainGroup = 0D102007214E4C6300C79A08;
			productRefGroup = 0D102011214E4C6300C79A08 /* Products */;
			projectDirPath = "";
			projectRoot = "";
			targets = (
				0D10200F214E4C6300C79A08 /* Movie-Lister */,
			);
		};
/* End PBXProject section */

/* Begin PBXResourcesBuildPhase section */
		0D10200E214E4C6300C79A08 /* Resources */ = {
			isa = PBXResourcesBuildPhase;
			buildActionMask = 2147483647;
			files = (
				0D10201E214E4C6300C79A08 /* LaunchScreen.storyboard in Resources */,
				0D102037214EB82100C79A08 /* CONTENTLISTINGPAGE-PAGE3.json in Resources */,
				0D10202A214EA18400C79A08 /* MoviePosterCell.xib in Resources */,
				0D102038214EB82100C79A08 /* CONTENTLISTINGPAGE-PAGE2.json in Resources */,
				0D10201B214E4C6300C79A08 /* Assets.xcassets in Resources */,
				0D102039214EB82100C79A08 /* CONTENTLISTINGPAGE-PAGE1.json in Resources */,
				0D102019214E4C6300C79A08 /* Main.storyboard in Resources */,
			);
			runOnlyForDeploymentPostprocessing = 0;
		};
/* End PBXResourcesBuildPhase section */

/* Begin PBXSourcesBuildPhase section */
		0D10200C214E4C6300C79A08 /* Sources */ = {
			isa = PBXSourcesBuildPhase;
			buildActionMask = 2147483647;
			files = (
				0D51CAFC214F7B35002954A1 /* MovieListManager.swift in Sources */,
				0D10203D214EC19100C79A08 /* UINavigationBar + Extensions.swift in Sources */,
				0D102016214E4C6300C79A08 /* MovieListViewController.swift in Sources */,
				0D102029214EA18400C79A08 /* MoviePosterCell.swift in Sources */,
				0D102032214EB3C400C79A08 /* MovieDataModel.swift in Sources */,
				0D102014214E4C6300C79A08 /* AppDelegate.swift in Sources */,
				0D102026214E5BD600C79A08 /* Constants.swift in Sources */,
			);
			runOnlyForDeploymentPostprocessing = 0;
		};
/* End PBXSourcesBuildPhase section */

/* Begin PBXVariantGroup section */
		0D102017214E4C6300C79A08 /* Main.storyboard */ = {
			isa = PBXVariantGroup;
			children = (
				0D102018214E4C6300C79A08 /* Base */,
			);
			name = Main.storyboard;
			sourceTree = "<group>";
		};
		0D10201C214E4C6300C79A08 /* LaunchScreen.storyboard */ = {
			isa = PBXVariantGroup;
			children = (
				0D10201D214E4C6300C79A08 /* Base */,
			);
			name = LaunchScreen.storyboard;
			sourceTree = "<group>";
		};
/* End PBXVariantGroup section */

/* Begin XCBuildConfiguration section */
		0D102020214E4C6400C79A08 /* Debug */ = {
			isa = XCBuildConfiguration;
			buildSettings = {
				ALWAYS_SEARCH_USER_PATHS = NO;
				CLANG_ANALYZER_NONNULL = YES;
				CLANG_ANALYZER_NUMBER_OBJECT_CONVERSION = YES_AGGRESSIVE;
				CLANG_CXX_LANGUAGE_STANDARD = "gnu++14";
				CLANG_CXX_LIBRARY = "libc++";
				CLANG_ENABLE_MODULES = YES;
				CLANG_ENABLE_OBJC_ARC = YES;
				CLANG_ENABLE_OBJC_WEAK = YES;
				CLANG_WARN_BLOCK_CAPTURE_AUTORELEASING = YES;
				CLANG_WARN_BOOL_CONVERSION = YES;
				CLANG_WARN_COMMA = YES;
				CLANG_WARN_CONSTANT_CONVERSION = YES;
				CLANG_WARN_DEPRECATED_OBJC_IMPLEMENTATIONS = YES;
				CLANG_WARN_DIRECT_OBJC_ISA_USAGE = YES_ERROR;
				CLANG_WARN_DOCUMENTATION_COMMENTS = YES;
				CLANG_WARN_EMPTY_BODY = YES;
				CLANG_WARN_ENUM_CONVERSION = YES;
				CLANG_WARN_INFINITE_RECURSION = YES;
				CLANG_WARN_INT_CONVERSION = YES;
				CLANG_WARN_NON_LITERAL_NULL_CONVERSION = YES;
				CLANG_WARN_OBJC_IMPLICIT_RETAIN_SELF = YES;
				CLANG_WARN_OBJC_LITERAL_CONVERSION = YES;
				CLANG_WARN_OBJC_ROOT_CLASS = YES_ERROR;
				CLANG_WARN_RANGE_LOOP_ANALYSIS = YES;
				CLANG_WARN_STRICT_PROTOTYPES = YES;
				CLANG_WARN_SUSPICIOUS_MOVE = YES;
				CLANG_WARN_UNGUARDED_AVAILABILITY = YES_AGGRESSIVE;
				CLANG_WARN_UNREACHABLE_CODE = YES;
				CLANG_WARN__DUPLICATE_METHOD_MATCH = YES;
				CODE_SIGN_IDENTITY = "iPhone Developer";
				COPY_PHASE_STRIP = NO;
				DEBUG_INFORMATION_FORMAT = dwarf;
				ENABLE_STRICT_OBJC_MSGSEND = YES;
				ENABLE_TESTABILITY = YES;
				GCC_C_LANGUAGE_STANDARD = gnu11;
				GCC_DYNAMIC_NO_PIC = NO;
				GCC_NO_COMMON_BLOCKS = YES;
				GCC_OPTIMIZATION_LEVEL = 0;
				GCC_PREPROCESSOR_DEFINITIONS = (
					"DEBUG=1",
					"$(inherited)",
				);
				GCC_WARN_64_TO_32_BIT_CONVERSION = YES;
				GCC_WARN_ABOUT_RETURN_TYPE = YES_ERROR;
				GCC_WARN_UNDECLARED_SELECTOR = YES;
				GCC_WARN_UNINITIALIZED_AUTOS = YES_AGGRESSIVE;
				GCC_WARN_UNUSED_FUNCTION = YES;
				GCC_WARN_UNUSED_VARIABLE = YES;
				IPHONEOS_DEPLOYMENT_TARGET = 11.4;
				MTL_ENABLE_DEBUG_INFO = YES;
				ONLY_ACTIVE_ARCH = YES;
				SDKROOT = iphoneos;
				SWIFT_ACTIVE_COMPILATION_CONDITIONS = DEBUG;
				SWIFT_OPTIMIZATION_LEVEL = "-Onone";
			};
			name = Debug;
		};
		0D102021214E4C6400C79A08 /* Release */ = {
			isa = XCBuildConfiguration;
			buildSettings = {
				ALWAYS_SEARCH_USER_PATHS = NO;
				CLANG_ANALYZER_NONNULL = YES;
				CLANG_ANALYZER_NUMBER_OBJECT_CONVERSION = YES_AGGRESSIVE;
				CLANG_CXX_LANGUAGE_STANDARD = "gnu++14";
				CLANG_CXX_LIBRARY = "libc++";
				CLANG_ENABLE_MODULES = YES;
				CLANG_ENABLE_OBJC_ARC = YES;
				CLANG_ENABLE_OBJC_WEAK = YES;
				CLANG_WARN_BLOCK_CAPTURE_AUTORELEASING = YES;
				CLANG_WARN_BOOL_CONVERSION = YES;
				CLANG_WARN_COMMA = YES;
				CLANG_WARN_CONSTANT_CONVERSION = YES;
				CLANG_WARN_DEPRECATED_OBJC_IMPLEMENTATIONS = YES;
				CLANG_WARN_DIRECT_OBJC_ISA_USAGE = YES_ERROR;
				CLANG_WARN_DOCUMENTATION_COMMENTS = YES;
				CLANG_WARN_EMPTY_BODY = YES;
				CLANG_WARN_ENUM_CONVERSION = YES;
				CLANG_WARN_INFINITE_RECURSION = YES;
				CLANG_WARN_INT_CONVERSION = YES;
				CLANG_WARN_NON_LITERAL_NULL_CONVERSION = YES;
				CLANG_WARN_OBJC_IMPLICIT_RETAIN_SELF = YES;
				CLANG_WARN_OBJC_LITERAL_CONVERSION = YES;
				CLANG_WARN_OBJC_ROOT_CLASS = YES_ERROR;
				CLANG_WARN_RANGE_LOOP_ANALYSIS = YES;
				CLANG_WARN_STRICT_PROTOTYPES = YES;
				CLANG_WARN_SUSPICIOUS_MOVE = YES;
				CLANG_WARN_UNGUARDED_AVAILABILITY = YES_AGGRESSIVE;
				CLANG_WARN_UNREACHABLE_CODE = YES;
				CLANG_WARN__DUPLICATE_METHOD_MATCH = YES;
				CODE_SIGN_IDENTITY = "iPhone Developer";
				COPY_PHASE_STRIP = NO;
				DEBUG_INFORMATION_FORMAT = "dwarf-with-dsym";
				ENABLE_NS_ASSERTIONS = NO;
				ENABLE_STRICT_OBJC_MSGSEND = YES;
				GCC_C_LANGUAGE_STANDARD = gnu11;
				GCC_NO_COMMON_BLOCKS = YES;
				GCC_WARN_64_TO_32_BIT_CONVERSION = YES;
				GCC_WARN_ABOUT_RETURN_TYPE = YES_ERROR;
				GCC_WARN_UNDECLARED_SELECTOR = YES;
				GCC_WARN_UNINITIALIZED_AUTOS = YES_AGGRESSIVE;
				GCC_WARN_UNUSED_FUNCTION = YES;
				GCC_WARN_UNUSED_VARIABLE = YES;
				IPHONEOS_DEPLOYMENT_TARGET = 11.4;
				MTL_ENABLE_DEBUG_INFO = NO;
				SDKROOT = iphoneos;
				SWIFT_COMPILATION_MODE = wholemodule;
				SWIFT_OPTIMIZATION_LEVEL = "-O";
				VALIDATE_PRODUCT = YES;
			};
			name = Release;
		};
		0D102023214E4C6400C79A08 /* Debug */ = {
			isa = XCBuildConfiguration;
			buildSettings = {
				ASSETCATALOG_COMPILER_APPICON_NAME = AppIcon;
				CODE_SIGN_STYLE = Automatic;
				DEVELOPMENT_TEAM = DBD2DBFKN6;
				INFOPLIST_FILE = "Movie-Lister/Info.plist";
				LD_RUNPATH_SEARCH_PATHS = (
					"$(inherited)",
					"@executable_path/Frameworks",
				);
				PRODUCT_BUNDLE_IDENTIFIER = "com.Movie-Lister";
				PRODUCT_NAME = "$(TARGET_NAME)";
				SWIFT_VERSION = 4.0;
				TARGETED_DEVICE_FAMILY = "1,2";
			};
			name = Debug;
		};
		0D102024214E4C6400C79A08 /* Release */ = {
			isa = XCBuildConfiguration;
			buildSettings = {
				ASSETCATALOG_COMPILER_APPICON_NAME = AppIcon;
				CODE_SIGN_STYLE = Automatic;
				DEVELOPMENT_TEAM = DBD2DBFKN6;
				INFOPLIST_FILE = "Movie-Lister/Info.plist";
				LD_RUNPATH_SEARCH_PATHS = (
					"$(inherited)",
					"@executable_path/Frameworks",
				);
				PRODUCT_BUNDLE_IDENTIFIER = "com.Movie-Lister";
				PRODUCT_NAME = "$(TARGET_NAME)";
				SWIFT_VERSION = 4.0;
				TARGETED_DEVICE_FAMILY = "1,2";
			};
			name = Release;
		};
/* End XCBuildConfiguration section */

/* Begin XCConfigurationList section */
		0D10200B214E4C6300C79A08 /* Build configuration list for PBXProject "Movie-Lister" */ = {
			isa = XCConfigurationList;
			buildConfigurations = (
				0D102020214E4C6400C79A08 /* Debug */,
				0D102021214E4C6400C79A08 /* Release */,
			);
			defaultConfigurationIsVisible = 0;
			defaultConfigurationName = Release;
		};
		0D102022214E4C6400C79A08 /* Build configuration list for PBXNativeTarget "Movie-Lister" */ = {
			isa = XCConfigurationList;
			buildConfigurations = (
				0D102023214E4C6400C79A08 /* Debug */,
				0D102024214E4C6400C79A08 /* Release */,
			);
			defaultConfigurationIsVisible = 0;
			defaultConfigurationName = Release;
		};
/* End XCConfigurationList section */
	};
	rootObject = 0D102008214E4C6300C79A08 /* Project object */;
}
